
Microsoft Visual Studio Solution File, Format Version 12.00
# Visual Studio Version 17
VisualStudioVersion = 17.3.32811.315
MinimumVisualStudioVersion = 10.0.40219.1
Project("{FAE04EC0-301F-11D3-BF4B-00C04F79EFBC}") = "CsharpFunda", "CsharpFunda\CsharpFunda.csproj", "{335EFE46-9C30-4FF0-A2FE-A1990708ECF7}"
EndProject
Global
	GlobalSection(SolutionConfigurationPlatforms) = preSolution
		Debug|Any CPU = Debug|Any CPU
		Release|Any CPU = Release|Any CPU
	EndGlobalSection
	GlobalSection(ProjectConfigurationPlatforms) = postSolution
		{335EFE46-9C30-4FF0-A2FE-A1990708ECF7}.Debug|Any CPU.ActiveCfg = Debug|Any CPU
		{335EFE46-9C30-4FF0-A2FE-A1990708ECF7}.Debug|Any CPU.Build.0 = Debug|Any CPU
		{335EFE46-9C30-4FF0-A2FE-A1990708ECF7}.Release|Any CPU.ActiveCfg = Release|Any CPU
		{335EFE46-9C30-4FF0-A2FE-A1990708ECF7}.Release|Any CPU.Build.0 = Release|Any CPU
	EndGlobalSection
	GlobalSection(SolutionProperties) = preSolution
		HideSolutionNode = FALSE
	EndGlobalSection
	GlobalSection(ExtensibilityGlobals) = postSolution
		SolutionGuid = {1D3AF223-C8DE-4282-A7DA-D2FBD69F6205}
	EndGlobalSection
EndGlobal
